
Microsoft Visual Studio Solution File, Format Version 12.00
Project("{FAE04EC0-301F-11D3-BF4B-00C04F79EFBC}") = "WebApplication1", "WebApplication1\WebApplication1.csproj", "{864607F5-E656-4D3F-B6DA-D60EABB08323}"
EndProject
Global
	GlobalSection(SolutionConfigurationPlatforms) = preSolution
		Debug|Any CPU = Debug|Any CPU
		Release|Any CPU = Release|Any CPU
	EndGlobalSection
	GlobalSection(ProjectConfigurationPlatforms) = postSolution
		{864607F5-E656-4D3F-B6DA-D60EABB08323}.Debug|Any CPU.ActiveCfg = Debug|Any CPU
		{864607F5-E656-4D3F-B6DA-D60EABB08323}.Debug|Any CPU.Build.0 = Debug|Any CPU
		{864607F5-E656-4D3F-B6DA-D60EABB08323}.Release|Any CPU.ActiveCfg = Release|Any CPU
		{864607F5-E656-4D3F-B6DA-D60EABB08323}.Release|Any CPU.Build.0 = Release|Any CPU
	EndGlobalSection
EndGlobal
